{
  "nodes": {
    "nixos": {
      "locked": {
        "lastModified": 1596615455,
        "narHash": "sha256-qOp3QRL7dUbN+Kus7tReThC5ZuIqG9fy7/nkqlO78n8=",
        "owner": "NixOS",
        "repo": "nixpkgs-channels",
        "rev": "8e2b14aceb1d40c7e8b84c03a7c78955359872bb",
        "type": "github"
      },
      "original": {
        "owner": "NixOS",
        "ref": "nixos-unstable",
        "repo": "nixpkgs-channels",
        "type": "github"
      }
    },
    "root": {
      "inputs": {
        "nixos": "nixos",
        "std": "std"
      }
    },
    "std": {
      "locked": {
        "lastModified": 1596640919,
        "narHash": "sha256-6X/poT27NyD3rp7CW9OHc4qoyAFALUNxgFZfgH/vMCY=",
        "owner": "icebox-nix",
        "repo": "std",
        "rev": "7d98cd5eb33975408919a190b0e979f93575f645",
        "type": "github"
      },
      "original": {
        "owner": "icebox-nix",
        "repo": "std",
        "type": "github"
      }
    }
  },
  "root": "root",
  "version": 7
}
